
Microsoft Visual Studio Solution File, Format Version 12.00
# Visual Studio 14
VisualStudioVersion = 14.0.25420.1
MinimumVisualStudioVersion = 10.0.40219.1
Project("{FAE04EC0-301F-11D3-BF4B-00C04F79EFBC}") = "AreaPlanHelper", "AreaPlanHelper\AreaPlanHelper.csproj", "{118DDD0D-A439-4D11-B608-87102F64212C}"
EndProject
Project("{930C7802-8A8C-48F9-8165-68863BCCD9DD}") = "AreaPlanInstaller", "AreaPlanInstaller\AreaPlanInstaller.wixproj", "{2A72043B-A777-4B54-9378-8323A5941DEA}"
EndProject
Global
	GlobalSection(SolutionConfigurationPlatforms) = preSolution
		Debug|Any CPU = Debug|Any CPU
		Debug|x86 = Debug|x86
		Debug17|Any CPU = Debug17|Any CPU
		Debug17|x86 = Debug17|x86
		Debug18|Any CPU = Debug18|Any CPU
		Debug18|x86 = Debug18|x86
		Debug19|Any CPU = Debug19|Any CPU
		Debug19|x86 = Debug19|x86
		Release|Any CPU = Release|Any CPU
		Release|x86 = Release|x86
		Release17|Any CPU = Release17|Any CPU
		Release17|x86 = Release17|x86
		Release18|Any CPU = Release18|Any CPU
		Release18|x86 = Release18|x86
		Release19|Any CPU = Release19|Any CPU
		Release19|x86 = Release19|x86
	EndGlobalSection
	GlobalSection(ProjectConfigurationPlatforms) = postSolution
		{118DDD0D-A439-4D11-B608-87102F64212C}.Debug|Any CPU.ActiveCfg = Debug|Any CPU
		{118DDD0D-A439-4D11-B608-87102F64212C}.Debug|Any CPU.Build.0 = Debug|Any CPU
		{118DDD0D-A439-4D11-B608-87102F64212C}.Debug|x86.ActiveCfg = Debug|Any CPU
		{118DDD0D-A439-4D11-B608-87102F64212C}.Debug|x86.Build.0 = Debug|Any CPU
		{118DDD0D-A439-4D11-B608-87102F64212C}.Debug17|Any CPU.ActiveCfg = Debug17|Any CPU
		{118DDD0D-A439-4D11-B608-87102F64212C}.Debug17|Any CPU.Build.0 = Debug17|Any CPU
		{118DDD0D-A439-4D11-B608-87102F64212C}.Debug17|x86.ActiveCfg = Debug17|Any CPU
		{118DDD0D-A439-4D11-B608-87102F64212C}.Debug17|x86.Build.0 = Debug17|Any CPU
		{118DDD0D-A439-4D11-B608-87102F64212C}.Debug18|Any CPU.ActiveCfg = Debug18|Any CPU
		{118DDD0D-A439-4D11-B608-87102F64212C}.Debug18|Any CPU.Build.0 = Debug18|Any CPU
		{118DDD0D-A439-4D11-B608-87102F64212C}.Debug18|x86.ActiveCfg = Debug18|Any CPU
		{118DDD0D-A439-4D11-B608-87102F64212C}.Debug18|x86.Build.0 = Debug18|Any CPU
		{118DDD0D-A439-4D11-B608-87102F64212C}.Debug19|Any CPU.ActiveCfg = Debug19|Any CPU
		{118DDD0D-A439-4D11-B608-87102F64212C}.Debug19|Any CPU.Build.0 = Debug19|Any CPU
		{118DDD0D-A439-4D11-B608-87102F64212C}.Debug19|x86.ActiveCfg = Debug19|Any CPU
		{118DDD0D-A439-4D11-B608-87102F64212C}.Debug19|x86.Build.0 = Debug19|Any CPU
		{118DDD0D-A439-4D11-B608-87102F64212C}.Release|Any CPU.ActiveCfg = Release19|Any CPU
		{118DDD0D-A439-4D11-B608-87102F64212C}.Release|Any CPU.Build.0 = Release19|Any CPU
		{118DDD0D-A439-4D11-B608-87102F64212C}.Release|x86.ActiveCfg = Release19|Any CPU
		{118DDD0D-A439-4D11-B608-87102F64212C}.Release|x86.Build.0 = Release19|Any CPU
		{118DDD0D-A439-4D11-B608-87102F64212C}.Release17|Any CPU.ActiveCfg = Release17|Any CPU
		{118DDD0D-A439-4D11-B608-87102F64212C}.Release17|Any CPU.Build.0 = Release17|Any CPU
		{118DDD0D-A439-4D11-B608-87102F64212C}.Release17|x86.ActiveCfg = Release17|Any CPU
		{118DDD0D-A439-4D11-B608-87102F64212C}.Release17|x86.Build.0 = Release17|Any CPU
		{118DDD0D-A439-4D11-B608-87102F64212C}.Release18|Any CPU.ActiveCfg = Release18|Any CPU
		{118DDD0D-A439-4D11-B608-87102F64212C}.Release18|Any CPU.Build.0 = Release18|Any CPU
		{118DDD0D-A439-4D11-B608-87102F64212C}.Release18|x86.ActiveCfg = Release18|Any CPU
		{118DDD0D-A439-4D11-B608-87102F64212C}.Release18|x86.Build.0 = Release18|Any CPU
		{118DDD0D-A439-4D11-B608-87102F64212C}.Release19|Any CPU.ActiveCfg = Release19|Any CPU
		{118DDD0D-A439-4D11-B608-87102F64212C}.Release19|Any CPU.Build.0 = Release19|Any CPU
		{118DDD0D-A439-4D11-B608-87102F64212C}.Release19|x86.ActiveCfg = Release19|Any CPU
		{118DDD0D-A439-4D11-B608-87102F64212C}.Release19|x86.Build.0 = Release19|Any CPU
		{2A72043B-A777-4B54-9378-8323A5941DEA}.Debug|Any CPU.ActiveCfg = Debug|x86
		{2A72043B-A777-4B54-9378-8323A5941DEA}.Debug|x86.ActiveCfg = Debug|x86
		{2A72043B-A777-4B54-9378-8323A5941DEA}.Debug|x86.Build.0 = Debug|x86
		{2A72043B-A777-4B54-9378-8323A5941DEA}.Debug17|Any CPU.ActiveCfg = Release|x86
		{2A72043B-A777-4B54-9378-8323A5941DEA}.Debug17|Any CPU.Build.0 = Release|x86
		{2A72043B-A777-4B54-9378-8323A5941DEA}.Debug17|x86.ActiveCfg = Debug|x86
		{2A72043B-A777-4B54-9378-8323A5941DEA}.Debug17|x86.Build.0 = Debug|x86
		{2A72043B-A777-4B54-9378-8323A5941DEA}.Debug18|Any CPU.ActiveCfg = Release|x86
		{2A72043B-A777-4B54-9378-8323A5941DEA}.Debug18|Any CPU.Build.0 = Release|x86
		{2A72043B-A777-4B54-9378-8323A5941DEA}.Debug18|x86.ActiveCfg = Debug|x86
		{2A72043B-A777-4B54-9378-8323A5941DEA}.Debug18|x86.Build.0 = Debug|x86
		{2A72043B-A777-4B54-9378-8323A5941DEA}.Debug19|Any CPU.ActiveCfg = Release|x86
		{2A72043B-A777-4B54-9378-8323A5941DEA}.Debug19|Any CPU.Build.0 = Release|x86
		{2A72043B-A777-4B54-9378-8323A5941DEA}.Debug19|x86.ActiveCfg = Debug|x86
		{2A72043B-A777-4B54-9378-8323A5941DEA}.Debug19|x86.Build.0 = Debug|x86
		{2A72043B-A777-4B54-9378-8323A5941DEA}.Release|Any CPU.ActiveCfg = Release|x86
		{2A72043B-A777-4B54-9378-8323A5941DEA}.Release|x86.ActiveCfg = Release|x86
		{2A72043B-A777-4B54-9378-8323A5941DEA}.Release|x86.Build.0 = Release|x86
		{2A72043B-A777-4B54-9378-8323A5941DEA}.Release17|Any CPU.ActiveCfg = Release|x86
		{2A72043B-A777-4B54-9378-8323A5941DEA}.Release17|Any CPU.Build.0 = Release|x86
		{2A72043B-A777-4B54-9378-8323A5941DEA}.Release17|x86.ActiveCfg = Release|x86
		{2A72043B-A777-4B54-9378-8323A5941DEA}.Release17|x86.Build.0 = Release|x86
		{2A72043B-A777-4B54-9378-8323A5941DEA}.Release18|Any CPU.ActiveCfg = Release|x86
		{2A72043B-A777-4B54-9378-8323A5941DEA}.Release18|Any CPU.Build.0 = Release|x86
		{2A72043B-A777-4B54-9378-8323A5941DEA}.Release18|x86.ActiveCfg = Release|x86
		{2A72043B-A777-4B54-9378-8323A5941DEA}.Release18|x86.Build.0 = Release|x86
		{2A72043B-A777-4B54-9378-8323A5941DEA}.Release19|Any CPU.ActiveCfg = Release|x86
		{2A72043B-A777-4B54-9378-8323A5941DEA}.Release19|Any CPU.Build.0 = Release|x86
		{2A72043B-A777-4B54-9378-8323A5941DEA}.Release19|x86.ActiveCfg = Release|x86
		{2A72043B-A777-4B54-9378-8323A5941DEA}.Release19|x86.Build.0 = Release|x86
	EndGlobalSection
	GlobalSection(SolutionProperties) = preSolution
		HideSolutionNode = FALSE
	EndGlobalSection
EndGlobal
